
Microsoft Visual Studio Solution File, Format Version 12.00
# Visual Studio Version 17
VisualStudioVersion = 17.7.34003.232
MinimumVisualStudioVersion = 10.0.40219.1
Project("{FAE04EC0-301F-11D3-BF4B-00C04F79EFBC}") = "ConsoleApp_IMC", "ConsoleApp_IMC\ConsoleApp_IMC.csproj", "{E2AFDF0B-7301-4ED6-97F0-48E16AF37EAB}"
EndProject
Global
	GlobalSection(SolutionConfigurationPlatforms) = preSolution
		Debug|Any CPU = Debug|Any CPU
		Release|Any CPU = Release|Any CPU
	EndGlobalSection
	GlobalSection(ProjectConfigurationPlatforms) = postSolution
		{E2AFDF0B-7301-4ED6-97F0-48E16AF37EAB}.Debug|Any CPU.ActiveCfg = Debug|Any CPU
		{E2AFDF0B-7301-4ED6-97F0-48E16AF37EAB}.Debug|Any CPU.Build.0 = Debug|Any CPU
		{E2AFDF0B-7301-4ED6-97F0-48E16AF37EAB}.Release|Any CPU.ActiveCfg = Release|Any CPU
		{E2AFDF0B-7301-4ED6-97F0-48E16AF37EAB}.Release|Any CPU.Build.0 = Release|Any CPU
	EndGlobalSection
	GlobalSection(SolutionProperties) = preSolution
		HideSolutionNode = FALSE
	EndGlobalSection
	GlobalSection(ExtensibilityGlobals) = postSolution
		SolutionGuid = {E985E335-0716-4E1D-A891-BC022E645494}
	EndGlobalSection
EndGlobal
